PODS:
  - AeroGearHttp (1.0.0)
  - OHHTTPStubs (5.2.2):
    - OHHTTPStubs/Default (= 5.2.2)
  - OHHTTPStubs/Core (5.2.2)
  - OHHTTPStubs/Default (5.2.2):
    - OHHTTPStubs/Core
    - OHHTTPStubs/JSON
    - OHHTTPStubs/NSURLSession
    - OHHTTPStubs/OHPathHelpers
  - OHHTTPStubs/JSON (5.2.2):
    - OHHTTPStubs/Core
  - OHHTTPStubs/NSURLSession (5.2.2):
    - OHHTTPStubs/Core
  - OHHTTPStubs/OHPathHelpers (5.2.2)

DEPENDENCIES:
  - AeroGearHttp (from `https://github.com/410labs/aerogear-ios-http`)
  - OHHTTPStubs (= 5.2.2)

EXTERNAL SOURCES:
  AeroGearHttp:
    :git: https://github.com/410labs/aerogear-ios-http

CHECKOUT OPTIONS:
  AeroGearHttp:
    :commit: 06a3620e1a4f1880ce223c6b0569e3e8d8a80ff8
    :git: https://github.com/410labs/aerogear-ios-http

SPEC CHECKSUMS:
  AeroGearHttp: 41b60bd832c4d8815c05b0ed03d0c1b23414584f
  OHHTTPStubs: 34d9d0994e64fcf8552dbfade5ce82ada913ee31

PODFILE CHECKSUM: 7c35ee4ae5988719136376f1c4f1e990aebf6629

COCOAPODS: 1.1.1
